<?xml version="1.0" encoding="utf-8"?>
<Project ToolsVersion="4.0" xmlns="http://schemas.microsoft.com/developer/msbuild/2003">
  <ItemGroup>
    <Filter Include="Source Files">
      <UniqueIdentifier>{4FC737F1-C7A5-4376-A066-2A32D752A2FF}</UniqueIdentifier>
      <Extensions>cpp;c;cc;cxx;def;odl;idl;hpj;bat;asm;asmx</Extensions>
    </Filter>
    <Filter Include="Header Files">
      <UniqueIdentifier>{93995380-89BD-4b04-88EB-625FBE52EBFB}</UniqueIdentifier>
      <Extensions>h;hh;hpp;hxx;hm;inl;inc;ipp;xsd</Extensions>
    </Filter>
    <Filter Include="Resource Files">
      <UniqueIdentifier>{67DA6AB6-F800-4c08-8B7A-83BB121AAD01}</UniqueIdentifier>
      <Extensions>rc;ico;cur;bmp;dlg;rc2;rct;bin;rgs;gif;jpg;jpeg;jpe;resx;tiff;tif;png;wav;mfcribbon-ms</Extensions>
    </Filter>
    <Filter Include="Header Files\shaders">
      <UniqueIdentifier>{fa68f475-874b-415a-8347-265de252108e}</UniqueIdentifier>
    </Filter>
    <Filter Include="Header Files\types">
      <UniqueIdentifier>{01c6fc44-8ec5-49e2-9f34-8cbee20288e7}</UniqueIdentifier>
    </Filter>
    <Filter Include="Source Files\shaders">
      <UniqueIdentifier>{b84cdc85-199c-443c-a5fa-f959564b0857}</UniqueIdentifier>
    </Filter>
    <Filter Include="Source Files\types">
      <UniqueIdentifier>{c1b8e6b6-d3a5-4c8b-a4a7-007c06405791}</UniqueIdentifier>
    </Filter>
  </ItemGroup>
  <ItemGroup>
    <ClInclude Include="..\include\wgui\fontmanager.h">
      <Filter>Header Files</Filter>
    </ClInclude>
    <ClInclude Include="..\include\wgui\wgui.h">
      <Filter>Header Files</Filter>
    </ClInclude>
    <ClInclude Include="..\include\wgui\wguidefinitions.h">
      <Filter>Header Files</Filter>
    </ClInclude>
    <ClInclude Include="..\include\wgui\wguifactories.h">
      <Filter>Header Files</Filter>
    </ClInclude>
    <ClInclude Include="..\include\wgui\wianchor.hpp">
      <Filter>Header Files</Filter>
    </ClInclude>
    <ClInclude Include="..\include\wgui\wibase.h">
      <Filter>Header Files</Filter>
    </ClInclude>
    <ClInclude Include="..\include\wgui\wibufferbase.h">
      <Filter>Header Files</Filter>
    </ClInclude>
    <ClInclude Include="..\include\wgui\wielementbufferdata.hpp">
      <Filter>Header Files</Filter>
    </ClInclude>
    <ClInclude Include="..\include\wgui\wielementdata.hpp">
      <Filter>Header Files</Filter>
    </ClInclude>
    <ClInclude Include="..\include\wgui\wihandle.h">
      <Filter>Header Files</Filter>
    </ClInclude>
    <ClInclude Include="..\include\wgui\wiincludes.h">
      <Filter>Header Files</Filter>
    </ClInclude>
    <ClInclude Include="..\include\wgui\wiskin.h">
      <Filter>Header Files</Filter>
    </ClInclude>
    <ClInclude Include="..\include\wgui\shaders\wishader.hpp">
      <Filter>Header Files\shaders</Filter>
    </ClInclude>
    <ClInclude Include="..\include\wgui\shaders\wishader_colored.hpp">
      <Filter>Header Files\shaders</Filter>
    </ClInclude>
    <ClInclude Include="..\include\wgui\shaders\wishader_coloredline.hpp">
      <Filter>Header Files\shaders</Filter>
    </ClInclude>
    <ClInclude Include="..\include\wgui\shaders\wishader_text.hpp">
      <Filter>Header Files\shaders</Filter>
    </ClInclude>
    <ClInclude Include="..\include\wgui\shaders\wishader_textured.hpp">
      <Filter>Header Files\shaders</Filter>
    </ClInclude>
    <ClInclude Include="..\include\wgui\types\wiarrow.h">
      <Filter>Header Files\types</Filter>
    </ClInclude>
    <ClInclude Include="..\include\wgui\types\wibutton.h">
      <Filter>Header Files\types</Filter>
    </ClInclude>
    <ClInclude Include="..\include\wgui\types\wicircle.h">
      <Filter>Header Files\types</Filter>
    </ClInclude>
    <ClInclude Include="..\include\wgui\types\widropdownmenu.h">
      <Filter>Header Files\types</Filter>
    </ClInclude>
    <ClInclude Include="..\include\wgui\types\wiline.h">
      <Filter>Header Files\types</Filter>
    </ClInclude>
    <ClInclude Include="..\include\wgui\types\wirect.h">
      <Filter>Header Files\types</Filter>
    </ClInclude>
    <ClInclude Include="..\include\wgui\types\wiroot.h">
      <Filter>Header Files\types</Filter>
    </ClInclude>
    <ClInclude Include="..\include\wgui\types\wiroundedbase.h">
      <Filter>Header Files\types</Filter>
    </ClInclude>
    <ClInclude Include="..\include\wgui\types\wiscrollbar.h">
      <Filter>Header Files\types</Filter>
    </ClInclude>
    <ClInclude Include="..\include\wgui\types\wishape.h">
      <Filter>Header Files\types</Filter>
    </ClInclude>
    <ClInclude Include="..\include\wgui\types\witext.h">
      <Filter>Header Files\types</Filter>
    </ClInclude>
    <ClInclude Include="..\include\wgui\types\witextentry.h">
      <Filter>Header Files\types</Filter>
    </ClInclude>
    <ClInclude Include="..\include\wgui\types\witextentrybase.h">
      <Filter>Header Files\types</Filter>
    </ClInclude>
    <ClInclude Include="..\include\wgui\types\witooltip.h">
      <Filter>Header Files\types</Filter>
    </ClInclude>
    <ClInclude Include="..\src\stdafx_wgui.h">
      <Filter>Header Files</Filter>
    </ClInclude>
  </ItemGroup>
  <ItemGroup>
    <ClCompile Include="..\src\types\wiarrow.cpp">
      <Filter>Source Files\types</Filter>
    </ClCompile>
    <ClCompile Include="..\src\types\wibutton.cpp">
      <Filter>Source Files\types</Filter>
    </ClCompile>
    <ClCompile Include="..\src\types\wicircle.cpp">
      <Filter>Source Files\types</Filter>
    </ClCompile>
    <ClCompile Include="..\src\types\widropdownmenu.cpp">
      <Filter>Source Files\types</Filter>
    </ClCompile>
    <ClCompile Include="..\src\types\wiline.cpp">
      <Filter>Source Files\types</Filter>
    </ClCompile>
    <ClCompile Include="..\src\types\wirect.cpp">
      <Filter>Source Files\types</Filter>
    </ClCompile>
    <ClCompile Include="..\src\types\wiroot.cpp">
      <Filter>Source Files\types</Filter>
    </ClCompile>
    <ClCompile Include="..\src\types\wiroundedbase.cpp">
      <Filter>Source Files\types</Filter>
    </ClCompile>
    <ClCompile Include="..\src\types\wiscrollbar.cpp">
      <Filter>Source Files\types</Filter>
    </ClCompile>
    <ClCompile Include="..\src\types\wishape.cpp">
      <Filter>Source Files\types</Filter>
    </ClCompile>
    <ClCompile Include="..\src\types\witext.cpp">
      <Filter>Source Files\types</Filter>
    </ClCompile>
    <ClCompile Include="..\src\types\witextentry.cpp">
      <Filter>Source Files\types</Filter>
    </ClCompile>
    <ClCompile Include="..\src\types\witextentrybase.cpp">
      <Filter>Source Files\types</Filter>
    </ClCompile>
    <ClCompile Include="..\src\types\witooltip.cpp">
      <Filter>Source Files\types</Filter>
    </ClCompile>
    <ClCompile Include="..\src\shaders\wishader.cpp">
      <Filter>Source Files\shaders</Filter>
    </ClCompile>
    <ClCompile Include="..\src\shaders\wishader_colored.cpp">
      <Filter>Source Files\shaders</Filter>
    </ClCompile>
    <ClCompile Include="..\src\shaders\wishader_coloredline.cpp">
      <Filter>Source Files\shaders</Filter>
    </ClCompile>
    <ClCompile Include="..\src\shaders\wishader_text.cpp">
      <Filter>Source Files\shaders</Filter>
    </ClCompile>
    <ClCompile Include="..\src\shaders\wishader_textured.cpp">
      <Filter>Source Files\shaders</Filter>
    </ClCompile>
    <ClCompile Include="..\src\fontmanager.cpp">
      <Filter>Source Files</Filter>
    </ClCompile>
    <ClCompile Include="..\src\main.cpp">
      <Filter>Source Files</Filter>
    </ClCompile>
    <ClCompile Include="..\src\stdafx_wgui.cpp">
      <Filter>Source Files</Filter>
    </ClCompile>
    <ClCompile Include="..\src\wgui.cpp">
      <Filter>Source Files</Filter>
    </ClCompile>
    <ClCompile Include="..\src\wguifactories.cpp">
      <Filter>Source Files</Filter>
    </ClCompile>
    <ClCompile Include="..\src\wianchor.cpp">
      <Filter>Source Files</Filter>
    </ClCompile>
    <ClCompile Include="..\src\wibase.cpp">
      <Filter>Source Files</Filter>
    </ClCompile>
    <ClCompile Include="..\src\wibufferbase.cpp">
      <Filter>Source Files</Filter>
    </ClCompile>
    <ClCompile Include="..\src\wielementbufferdata.cpp">
      <Filter>Source Files</Filter>
    </ClCompile>
    <ClCompile Include="..\src\wihandle.cpp">
      <Filter>Source Files</Filter>
    </ClCompile>
    <ClCompile Include="..\src\wiskin.cpp">
      <Filter>Source Files</Filter>
    </ClCompile>
  </ItemGroup>
</Project>